// !$*UTF8*$!
{
	archiveVersion = 1;
	classes = {
	};
	objectVersion = 56;
	objects = {

/* Begin PBXBuildFile section */
		264DAA5428D8E0B30074BA7E /* PlanningApp.swift in Sources */ = {isa = PBXBuildFile; fileRef = 264DAA5328D8E0B30074BA7E /* PlanningApp.swift */; };
		264DAA5628D8E0B30074BA7E /* TaskCard.swift in Sources */ = {isa = PBXBuildFile; fileRef = 264DAA5528D8E0B30074BA7E /* TaskCard.swift */; };
		264DAA5828D8E0B50074BA7E /* Assets.xcassets in Resources */ = {isa = PBXBuildFile; fileRef = 264DAA5728D8E0B50074BA7E /* Assets.xcassets */; };
		264DAA5B28D8E0B50074BA7E /* Preview Assets.xcassets in Resources */ = {isa = PBXBuildFile; fileRef = 264DAA5A28D8E0B50074BA7E /* Preview Assets.xcassets */; };
		2678F7DA28FF96BD00ADF0E0 /* Sheet.swift in Sources */ = {isa = PBXBuildFile; fileRef = 2678F7D928FF96BD00ADF0E0 /* Sheet.swift */; };
		26B5B2C22906017F00BC2F82 /* TaskList.swift in Sources */ = {isa = PBXBuildFile; fileRef = 26B5B2C12906017F00BC2F82 /* TaskList.swift */; };
		26B5B2C4290601A000BC2F82 /* CheckIn.swift in Sources */ = {isa = PBXBuildFile; fileRef = 26B5B2C3290601A000BC2F82 /* CheckIn.swift */; };
		26B5B2C6290601D100BC2F82 /* ContentView.swift in Sources */ = {isa = PBXBuildFile; fileRef = 26B5B2C5290601D100BC2F82 /* ContentView.swift */; };
		26D1951928EA48F300BCA678 /* TaskData.json in Resources */ = {isa = PBXBuildFile; fileRef = 26D1951828EA48F300BCA678 /* TaskData.json */; };
		26D1951F28EA71F100BCA678 /* Data.swift in Sources */ = {isa = PBXBuildFile; fileRef = 26D1951E28EA71F100BCA678 /* Data.swift */; };
		26D1952128EA7A2900BCA678 /* TaskDetails.swift in Sources */ = {isa = PBXBuildFile; fileRef = 26D1952028EA7A2900BCA678 /* TaskDetails.swift */; };
/* End PBXBuildFile section */

/* Begin PBXFileReference section */
		264DAA5028D8E0B30074BA7E /* Planning.app */ = {isa = PBXFileReference; explicitFileType = wrapper.application; includeInIndex = 0; path = Planning.app; sourceTree = BUILT_PRODUCTS_DIR; };
		264DAA5328D8E0B30074BA7E /* PlanningApp.swift */ = {isa = PBXFileReference; lastKnownFileType = sourcecode.swift; path = PlanningApp.swift; sourceTree = "<group>"; };
		264DAA5528D8E0B30074BA7E /* TaskCard.swift */ = {isa = PBXFileReference; lastKnownFileType = sourcecode.swift; path = TaskCard.swift; sourceTree = "<group>"; };
		264DAA5728D8E0B50074BA7E /* Assets.xcassets */ = {isa = PBXFileReference; lastKnownFileType = folder.assetcatalog; path = Assets.xcassets; sourceTree = "<group>"; };
		264DAA5A28D8E0B50074BA7E /* Preview Assets.xcassets */ = {isa = PBXFileReference; lastKnownFileType = folder.assetcatalog; path = "Preview Assets.xcassets"; sourceTree = "<group>"; };
		2678F7D928FF96BD00ADF0E0 /* Sheet.swift */ = {isa = PBXFileReference; lastKnownFileType = sourcecode.swift; path = Sheet.swift; sourceTree = "<group>"; };
		26B5B2C12906017F00BC2F82 /* TaskList.swift */ = {isa = PBXFileReference; lastKnownFileType = sourcecode.swift; path = TaskList.swift; sourceTree = "<group>"; };
		26B5B2C3290601A000BC2F82 /* CheckIn.swift */ = {isa = PBXFileReference; lastKnownFileType = sourcecode.swift; path = CheckIn.swift; sourceTree = "<group>"; };
		26B5B2C5290601D100BC2F82 /* ContentView.swift */ = {isa = PBXFileReference; lastKnownFileType = sourcecode.swift; path = ContentView.swift; sourceTree = "<group>"; };
		26D1951828EA48F300BCA678 /* TaskData.json */ = {isa = PBXFileReference; lastKnownFileType = text.json; path = TaskData.json; sourceTree = "<group>"; xcLanguageSpecificationIdentifier = xcode.lang.json; };
		26D1951E28EA71F100BCA678 /* Data.swift */ = {isa = PBXFileReference; lastKnownFileType = sourcecode.swift; path = Data.swift; sourceTree = "<group>"; };
		26D1952028EA7A2900BCA678 /* TaskDetails.swift */ = {isa = PBXFileReference; lastKnownFileType = sourcecode.swift; path = TaskDetails.swift; sourceTree = "<group>"; };
/* End PBXFileReference section */

/* Begin PBXFrameworksBuildPhase section */
		264DAA4D28D8E0B30074BA7E /* Frameworks */ = {
			isa = PBXFrameworksBuildPhase;
			buildActionMask = 2147483647;
			files = (
			);
			runOnlyForDeploymentPostprocessing = 0;
		};
/* End PBXFrameworksBuildPhase section */

/* Begin PBXGroup section */
		264DAA4728D8E0B30074BA7E = {
			isa = PBXGroup;
			children = (
				264DAA5228D8E0B30074BA7E /* Planning */,
				264DAA5128D8E0B30074BA7E /* Products */,
			);
			sourceTree = "<group>";
		};
		264DAA5128D8E0B30074BA7E /* Products */ = {
			isa = PBXGroup;
			children = (
				264DAA5028D8E0B30074BA7E /* Planning.app */,
			);
			name = Products;
			sourceTree = "<group>";
		};
		264DAA5228D8E0B30074BA7E /* Planning */ = {
			isa = PBXGroup;
			children = (
				264DAA5328D8E0B30074BA7E /* PlanningApp.swift */,
				26D1951B28EA4DEA00BCA678 /* Models */,
				26D1951A28EA4DD200BCA678 /* Views */,
				26D1951828EA48F300BCA678 /* TaskData.json */,
				264DAA5728D8E0B50074BA7E /* Assets.xcassets */,
				264DAA5928D8E0B50074BA7E /* Preview Content */,
			);
			path = Planning;
			sourceTree = "<group>";
		};
		264DAA5928D8E0B50074BA7E /* Preview Content */ = {
			isa = PBXGroup;
			children = (
				264DAA5A28D8E0B50074BA7E /* Preview Assets.xcassets */,
			);
			path = "Preview Content";
			sourceTree = "<group>";
		};
		26D1951A28EA4DD200BCA678 /* Views */ = {
			isa = PBXGroup;
			children = (
				26B5B2C5290601D100BC2F82 /* ContentView.swift */,
				264DAA5528D8E0B30074BA7E /* TaskCard.swift */,
				2678F7D928FF96BD00ADF0E0 /* Sheet.swift */,
				26B5B2C12906017F00BC2F82 /* TaskList.swift */,
				26B5B2C3290601A000BC2F82 /* CheckIn.swift */,
			);
			path = Views;
			sourceTree = "<group>";
		};
		26D1951B28EA4DEA00BCA678 /* Models */ = {
			isa = PBXGroup;
			children = (
				26D1951E28EA71F100BCA678 /* Data.swift */,
				26D1952028EA7A2900BCA678 /* TaskDetails.swift */,
			);
			path = Models;
			sourceTree = "<group>";
		};
/* End PBXGroup section */

/* Begin PBXNativeTarget section */
		264DAA4F28D8E0B30074BA7E /* Planning */ = {
			isa = PBXNativeTarget;
			buildConfigurationList = 264DAA5E28D8E0B50074BA7E /* Build configuration list for PBXNativeTarget "Planning" */;
			buildPhases = (
				264DAA4C28D8E0B30074BA7E /* Sources */,
				264DAA4D28D8E0B30074BA7E /* Frameworks */,
				264DAA4E28D8E0B30074BA7E /* Resources */,
			);
			buildRules = (
			);
			dependencies = (
			);
			name = Planning;
			productName = Planning;
			productReference = 264DAA5028D8E0B30074BA7E /* Planning.app */;
			productType = "com.apple.product-type.application";
		};
/* End PBXNativeTarget section */

/* Begin PBXProject section */
		264DAA4828D8E0B30074BA7E /* Project object */ = {
			isa = PBXProject;
			attributes = {
				BuildIndependentTargetsInParallel = 1;
				LastSwiftUpdateCheck = 1400;
				LastUpgradeCheck = 1400;
				TargetAttributes = {
					264DAA4F28D8E0B30074BA7E = {
						CreatedOnToolsVersion = 14.0;
					};
				};
			};
			buildConfigurationList = 264DAA4B28D8E0B30074BA7E /* Build configuration list for PBXProject "Planning" */;
			compatibilityVersion = "Xcode 14.0";
			developmentRegion = en;
			hasScannedForEncodings = 0;
			knownRegions = (
				en,
				Base,
			);
			mainGroup = 264DAA4728D8E0B30074BA7E;
			productRefGroup = 264DAA5128D8E0B30074BA7E /* Products */;
			projectDirPath = "";
			projectRoot = "";
			targets = (
				264DAA4F28D8E0B30074BA7E /* Planning */,
			);
		};
/* End PBXProject section */

/* Begin PBXResourcesBuildPhase section */
		264DAA4E28D8E0B30074BA7E /* Resources */ = {
			isa = PBXResourcesBuildPhase;
			buildActionMask = 2147483647;
			files = (
				264DAA5B28D8E0B50074BA7E /* Preview Assets.xcassets in Resources */,
				264DAA5828D8E0B50074BA7E /* Assets.xcassets in Resources */,
				26D1951928EA48F300BCA678 /* TaskData.json in Resources */,
			);
			runOnlyForDeploymentPostprocessing = 0;
		};
/* End PBXResourcesBuildPhase section */

/* Begin PBXSourcesBuildPhase section */
		264DAA4C28D8E0B30074BA7E /* Sources */ = {
			isa = PBXSourcesBuildPhase;
			buildActionMask = 2147483647;
			files = (
				26B5B2C22906017F00BC2F82 /* TaskList.swift in Sources */,
				264DAA5628D8E0B30074BA7E /* TaskCard.swift in Sources */,
				26B5B2C6290601D100BC2F82 /* ContentView.swift in Sources */,
				26D1952128EA7A2900BCA678 /* TaskDetails.swift in Sources */,
				2678F7DA28FF96BD00ADF0E0 /* Sheet.swift in Sources */,
				264DAA5428D8E0B30074BA7E /* PlanningApp.swift in Sources */,
				26B5B2C4290601A000BC2F82 /* CheckIn.swift in Sources */,
				26D1951F28EA71F100BCA678 /* Data.swift in Sources */,
			);
			runOnlyForDeploymentPostprocessing = 0;
		};
/* End PBXSourcesBuildPhase section */

/* Begin XCBuildConfiguration section */
		264DAA5C28D8E0B50074BA7E /* Debug */ = {
			isa = XCBuildConfiguration;
			buildSettings = {
				ALWAYS_SEARCH_USER_PATHS = NO;
				CLANG_ANALYZER_NONNULL = YES;
				CLANG_ANALYZER_NUMBER_OBJECT_CONVERSION = YES_AGGRESSIVE;
				CLANG_CXX_LANGUAGE_STANDARD = "gnu++20";
				CLANG_ENABLE_MODULES = YES;
				CLANG_ENABLE_OBJC_ARC = YES;
				CLANG_ENABLE_OBJC_WEAK = YES;
				CLANG_WARN_BLOCK_CAPTURE_AUTORELEASING = YES;
				CLANG_WARN_BOOL_CONVERSION = YES;
				CLANG_WARN_COMMA = YES;
				CLANG_WARN_CONSTANT_CONVERSION = YES;
				CLANG_WARN_DEPRECATED_OBJC_IMPLEMENTATIONS = YES;
				CLANG_WARN_DIRECT_OBJC_ISA_USAGE = YES_ERROR;
				CLANG_WARN_DOCUMENTATION_COMMENTS = YES;
				CLANG_WARN_EMPTY_BODY = YES;
				CLANG_WARN_ENUM_CONVERSION = YES;
				CLANG_WARN_INFINITE_RECURSION = YES;
				CLANG_WARN_INT_CONVERSION = YES;
				CLANG_WARN_NON_LITERAL_NULL_CONVERSION = YES;
				CLANG_WARN_OBJC_IMPLICIT_RETAIN_SELF = YES;
				CLANG_WARN_OBJC_LITERAL_CONVERSION = YES;
				CLANG_WARN_OBJC_ROOT_CLASS = YES_ERROR;
				CLANG_WARN_QUOTED_INCLUDE_IN_FRAMEWORK_HEADER = YES;
				CLANG_WARN_RANGE_LOOP_ANALYSIS = YES;
				CLANG_WARN_STRICT_PROTOTYPES = YES;
				CLANG_WARN_SUSPICIOUS_MOVE = YES;
				CLANG_WARN_UNGUARDED_AVAILABILITY = YES_AGGRESSIVE;
				CLANG_WARN_UNREACHABLE_CODE = YES;
				CLANG_WARN__DUPLICATE_METHOD_MATCH = YES;
				COPY_PHASE_STRIP = NO;
				DEBUG_INFORMATION_FORMAT = dwarf;
				ENABLE_STRICT_OBJC_MSGSEND = YES;
				ENABLE_TESTABILITY = YES;
				GCC_C_LANGUAGE_STANDARD = gnu11;
				GCC_DYNAMIC_NO_PIC = NO;
				GCC_NO_COMMON_BLOCKS = YES;
				GCC_OPTIMIZATION_LEVEL = 0;
				GCC_PREPROCESSOR_DEFINITIONS = (
					"DEBUG=1",
					"$(inherited)",
				);
				GCC_WARN_64_TO_32_BIT_CONVERSION = YES;
				GCC_WARN_ABOUT_RETURN_TYPE = YES_ERROR;
				GCC_WARN_UNDECLARED_SELECTOR = YES;
				GCC_WARN_UNINITIALIZED_AUTOS = YES_AGGRESSIVE;
				GCC_WARN_UNUSED_FUNCTION = YES;
				GCC_WARN_UNUSED_VARIABLE = YES;
				IPHONEOS_DEPLOYMENT_TARGET = 16.0;
				MTL_ENABLE_DEBUG_INFO = INCLUDE_SOURCE;
				MTL_FAST_MATH = YES;
				ONLY_ACTIVE_ARCH = YES;
				SDKROOT = iphoneos;
				SWIFT_ACTIVE_COMPILATION_CONDITIONS = DEBUG;
				SWIFT_OPTIMIZATION_LEVEL = "-Onone";
			};
			name = Debug;
		};
		264DAA5D28D8E0B50074BA7E /* Release */ = {
			isa = XCBuildConfiguration;
			buildSettings = {
				ALWAYS_SEARCH_USER_PATHS = NO;
				CLANG_ANALYZER_NONNULL = YES;
				CLANG_ANALYZER_NUMBER_OBJECT_CONVERSION = YES_AGGRESSIVE;
				CLANG_CXX_LANGUAGE_STANDARD = "gnu++20";
				CLANG_ENABLE_MODULES = YES;
				CLANG_ENABLE_OBJC_ARC = YES;
				CLANG_ENABLE_OBJC_WEAK = YES;
				CLANG_WARN_BLOCK_CAPTURE_AUTORELEASING = YES;
				CLANG_WARN_BOOL_CONVERSION = YES;
				CLANG_WARN_COMMA = YES;
				CLANG_WARN_CONSTANT_CONVERSION = YES;
				CLANG_WARN_DEPRECATED_OBJC_IMPLEMENTATIONS = YES;
				CLANG_WARN_DIRECT_OBJC_ISA_USAGE = YES_ERROR;
				CLANG_WARN_DOCUMENTATION_COMMENTS = YES;
				CLANG_WARN_EMPTY_BODY = YES;
				CLANG_WARN_ENUM_CONVERSION = YES;
				CLANG_WARN_INFINITE_RECURSION = YES;
				CLANG_WARN_INT_CONVERSION = YES;
				CLANG_WARN_NON_LITERAL_NULL_CONVERSION = YES;
				CLANG_WARN_OBJC_IMPLICIT_RETAIN_SELF = YES;
				CLANG_WARN_OBJC_LITERAL_CONVERSION = YES;
				CLANG_WARN_OBJC_ROOT_CLASS = YES_ERROR;
				CLANG_WARN_QUOTED_INCLUDE_IN_FRAMEWORK_HEADER = YES;
				CLANG_WARN_RANGE_LOOP_ANALYSIS = YES;
				CLANG_WARN_STRICT_PROTOTYPES = YES;
				CLANG_WARN_SUSPICIOUS_MOVE = YES;
				CLANG_WARN_UNGUARDED_AVAILABILITY = YES_AGGRESSIVE;
				CLANG_WARN_UNREACHABLE_CODE = YES;
				CLANG_WARN__DUPLICATE_METHOD_MATCH = YES;
				COPY_PHASE_STRIP = NO;
				DEBUG_INFORMATION_FORMAT = "dwarf-with-dsym";
				ENABLE_NS_ASSERTIONS = NO;
				ENABLE_STRICT_OBJC_MSGSEND = YES;
				GCC_C_LANGUAGE_STANDARD = gnu11;
				GCC_NO_COMMON_BLOCKS = YES;
				GCC_WARN_64_TO_32_BIT_CONVERSION = YES;
				GCC_WARN_ABOUT_RETURN_TYPE = YES_ERROR;
				GCC_WARN_UNDECLARED_SELECTOR = YES;
				GCC_WARN_UNINITIALIZED_AUTOS = YES_AGGRESSIVE;
				GCC_WARN_UNUSED_FUNCTION = YES;
				GCC_WARN_UNUSED_VARIABLE = YES;
				IPHONEOS_DEPLOYMENT_TARGET = 16.0;
				MTL_ENABLE_DEBUG_INFO = NO;
				MTL_FAST_MATH = YES;
				SDKROOT = iphoneos;
				SWIFT_COMPILATION_MODE = wholemodule;
				SWIFT_OPTIMIZATION_LEVEL = "-O";
				VALIDATE_PRODUCT = YES;
			};
			name = Release;
		};
		264DAA5F28D8E0B50074BA7E /* Debug */ = {
			isa = XCBuildConfiguration;
			buildSettings = {
				ASSETCATALOG_COMPILER_APPICON_NAME = AppIcon;
				ASSETCATALOG_COMPILER_GLOBAL_ACCENT_COLOR_NAME = AccentColor;
				CODE_SIGN_STYLE = Automatic;
				CURRENT_PROJECT_VERSION = 1;
				DEVELOPMENT_ASSET_PATHS = "\"Planning/Preview Content\"";
				ENABLE_PREVIEWS = YES;
				GENERATE_INFOPLIST_FILE = YES;
				INFOPLIST_KEY_UIApplicationSceneManifest_Generation = YES;
				INFOPLIST_KEY_UIApplicationSupportsIndirectInputEvents = YES;
				INFOPLIST_KEY_UILaunchScreen_Generation = YES;
				INFOPLIST_KEY_UISupportedInterfaceOrientations_iPad = "UIInterfaceOrientationPortrait UIInterfaceOrientationPortraitUpsideDown UIInterfaceOrientationLandscapeLeft UIInterfaceOrientationLandscapeRight";
				INFOPLIST_KEY_UISupportedInterfaceOrientations_iPhone = "UIInterfaceOrientationPortrait UIInterfaceOrientationLandscapeLeft UIInterfaceOrientationLandscapeRight";
				LD_RUNPATH_SEARCH_PATHS = (
					"$(inherited)",
					"@executable_path/Frameworks",
				);
				MARKETING_VERSION = 1.0;
				PRODUCT_BUNDLE_IDENTIFIER = com.example.sandylee.Planning;
				PRODUCT_NAME = "$(TARGET_NAME)";
				SWIFT_EMIT_LOC_STRINGS = YES;
				SWIFT_VERSION = 5.0;
				TARGETED_DEVICE_FAMILY = "1,2";
			};
			name = Debug;
		};
		264DAA6028D8E0B50074BA7E /* Release */ = {
			isa = XCBuildConfiguration;
			buildSettings = {
				ASSETCATALOG_COMPILER_APPICON_NAME = AppIcon;
				ASSETCATALOG_COMPILER_GLOBAL_ACCENT_COLOR_NAME = AccentColor;
				CODE_SIGN_STYLE = Automatic;
				CURRENT_PROJECT_VERSION = 1;
				DEVELOPMENT_ASSET_PATHS = "\"Planning/Preview Content\"";
				ENABLE_PREVIEWS = YES;
				GENERATE_INFOPLIST_FILE = YES;
				INFOPLIST_KEY_UIApplicationSceneManifest_Generation = YES;
				INFOPLIST_KEY_UIApplicationSupportsIndirectInputEvents = YES;
				INFOPLIST_KEY_UILaunchScreen_Generation = YES;
				INFOPLIST_KEY_UISupportedInterfaceOrientations_iPad = "UIInterfaceOrientationPortrait UIInterfaceOrientationPortraitUpsideDown UIInterfaceOrientationLandscapeLeft UIInterfaceOrientationLandscapeRight";
				INFOPLIST_KEY_UISupportedInterfaceOrientations_iPhone = "UIInterfaceOrientationPortrait UIInterfaceOrientationLandscapeLeft UIInterfaceOrientationLandscapeRight";
				LD_RUNPATH_SEARCH_PATHS = (
					"$(inherited)",
					"@executable_path/Frameworks",
				);
				MARKETING_VERSION = 1.0;
				PRODUCT_BUNDLE_IDENTIFIER = com.example.sandylee.Planning;
				PRODUCT_NAME = "$(TARGET_NAME)";
				SWIFT_EMIT_LOC_STRINGS = YES;
				SWIFT_VERSION = 5.0;
				TARGETED_DEVICE_FAMILY = "1,2";
			};
			name = Release;
		};
/* End XCBuildConfiguration section */

/* Begin XCConfigurationList section */
		264DAA4B28D8E0B30074BA7E /* Build configuration list for PBXProject "Planning" */ = {
			isa = XCConfigurationList;
			buildConfigurations = (
				264DAA5C28D8E0B50074BA7E /* Debug */,
				264DAA5D28D8E0B50074BA7E /* Release */,
			);
			defaultConfigurationIsVisible = 0;
			defaultConfigurationName = Release;
		};
		264DAA5E28D8E0B50074BA7E /* Build configuration list for PBXNativeTarget "Planning" */ = {
			isa = XCConfigurationList;
			buildConfigurations = (
				264DAA5F28D8E0B50074BA7E /* Debug */,
				264DAA6028D8E0B50074BA7E /* Release */,
			);
			defaultConfigurationIsVisible = 0;
			defaultConfigurationName = Release;
		};
/* End XCConfigurationList section */
	};
	rootObject = 264DAA4828D8E0B30074BA7E /* Project object */;
}
